{
  "originHash" : "a6abbaf1794a9efc5fc3e85d1c190e3400ac18e2ce8f865ba0ef8733c0fdfae5",
  "pins" : [
    {
      "identity" : "extendedswift",
      "kind" : "remoteSourceControl",
      "location" : "https://github.com/PedroCavaleiro/ExtendedSwift",
      "state" : {
        "revision" : "55a8d35d1bdba78fbcf9944df06d8e1eaad3a7a8",
        "version" : "1.1.7"
      }
    },
    {
      "identity" : "keychain-swift",
      "kind" : "remoteSourceControl",
      "location" : "https://github.com/evgenyneu/keychain-swift.git",
      "state" : {
        "revision" : "5e1b02b6a9dac2a759a1d5dbc175c86bd192a608",
        "version" : "24.0.0"
      }
    }
  ],
  "version" : 3
}
